<?xml version="1.0" encoding="utf-8"?>
<Project ToolsVersion="4.0" xmlns="http://schemas.microsoft.com/developer/msbuild/2003">
  <ItemGroup>
    <ClCompile Include="intel_driver.cpp" />
    <ClCompile Include="kdmapper.cpp" />
    <ClCompile Include="main.cpp" />
    <ClCompile Include="portable_executable.cpp" />
    <ClCompile Include="service.cpp" />
    <ClCompile Include="utils.cpp" />
    <ClCompile Include="SymbolsHandler.cpp" />
    <ClCompile Include="Sha256_SIMD.c" />
    <ClCompile Include="SimpleEncryption.c" />
    <ClCompile Include="include\Prime\GInt.c" />
    <ClCompile Include="include\Prime\Prime.c" />
    <ClCompile Include="include\Prime\RSA.c" />
    <ClCompile Include="ProcComm.c" />
  </ItemGroup>
  <ItemGroup>
    <ClInclude Include="include\utils.hpp">
      <Filter>include</Filter>
    </ClInclude>
    <ClInclude Include="include\service.hpp">
      <Filter>include</Filter>
    </ClInclude>
    <ClInclude Include="include\portable_executable.hpp">
      <Filter>include</Filter>
    </ClInclude>
    <ClInclude Include="include\nt.hpp">
      <Filter>include</Filter>
    </ClInclude>
    <ClInclude Include="include\kdmapper.hpp">
      <Filter>include</Filter>
    </ClInclude>
    <ClInclude Include="include\intel_driver.hpp">
      <Filter>include</Filter>
    </ClInclude>
    <ClInclude Include="include\intel_driver_resource.hpp">
      <Filter>include</Filter>
    </ClInclude>
    <ClInclude Include="include\SymbolsHandler.hpp" />
    <ClInclude Include="include\DataStructs.hpp" />
    <ClInclude Include="include\SimpleEncryption.h" />
    <ClInclude Include="include\Sha256_SIMD.h" />
    <ClInclude Include="include\ProcComm.h" />
    <ClInclude Include="include\Prime\GInt.h" />
    <ClInclude Include="include\Prime\Prime.h" />
    <ClInclude Include="include\Prime\RSA.h" />
  </ItemGroup>
  <ItemGroup>
    <Filter Include="include">
      <UniqueIdentifier>{ac359fba-b363-4b75-bd19-310104ec8f2c}</UniqueIdentifier>
    </Filter>
  </ItemGroup>
</Project>